
Microsoft Visual Studio Solution File, Format Version 12.00
# Visual Studio Version 17
VisualStudioVersion = 17.0.31612.314
MinimumVisualStudioVersion = 10.0.40219.1
Project("{2150E333-8FDC-42A3-9474-1A3956D46DE8}") = "Services", "Services", "{C11518BF-6DF4-466F-8291-6F66604AB4EF}"
EndProject
Project("{2150E333-8FDC-42A3-9474-1A3956D46DE8}") = "Catalog", "Catalog", "{FD55540A-15ED-4746-84A2-4B5C6F01386B}"
EndProject
Project("{9A19103F-16F7-4668-BE54-9A1E7A4F7556}") = "Catalog.API", "Services\Catalog\Catalog.API\Catalog.API.csproj", "{9B0EEF10-E1D2-41CE-8591-994B98460438}"
EndProject
Project("{E53339B2-1760-4266-BCC7-CA923CBCF16C}") = "docker-compose", "docker-compose.dcproj", "{9DECBB77-94D7-49A0-B928-375DCE7BA61D}"
EndProject
Project("{2150E333-8FDC-42A3-9474-1A3956D46DE8}") = "Discount", "Discount", "{F5CD5723-B543-4486-A4CC-F1B0E49DD66F}"
EndProject
Project("{9A19103F-16F7-4668-BE54-9A1E7A4F7556}") = "Discount.API", "Services\Discount\Discount.API\Discount.API.csproj", "{31125871-F6B5-4116-8695-9C6248385689}"
EndProject
Project("{2150E333-8FDC-42A3-9474-1A3956D46DE8}") = "Basket", "Basket", "{090FDFAB-32C7-427D-BDDB-BF8522B84378}"
EndProject
Project("{9A19103F-16F7-4668-BE54-9A1E7A4F7556}") = "Basket.API", "Services\Basket\Basket.API\Basket.API.csproj", "{46CB2DB1-49B0-4D00-88A1-DCE300F0C731}"
EndProject
Project("{9A19103F-16F7-4668-BE54-9A1E7A4F7556}") = "Discount.gRPC", "Services\Discount\Discount.gRPC\Discount.gRPC.csproj", "{AF70FD7F-A7B2-4887-8CCF-943A61333F93}"
EndProject
Project("{2150E333-8FDC-42A3-9474-1A3956D46DE8}") = "Ordering", "Ordering", "{F680B10F-AC8B-4FD8-ABBA-210A56E440B9}"
EndProject
Project("{FAE04EC0-301F-11D3-BF4B-00C04F79EFBC}") = "Ordering.API", "Services\Ordering\Ordering.API\Ordering.API.csproj", "{EA7EDA61-DBCD-4026-BB96-FA045441C1D3}"
EndProject
Project("{FAE04EC0-301F-11D3-BF4B-00C04F79EFBC}") = "Ordering.Application", "Services\Ordering\Ordering.Application\Ordering.Application.csproj", "{2D9AD404-9DF8-4CF8-B119-43767BE269BC}"
EndProject
Project("{FAE04EC0-301F-11D3-BF4B-00C04F79EFBC}") = "Ordering.Domain", "Services\Ordering\Ordering.Domain\Ordering.Domain.csproj", "{7A48EC9A-34F4-40B5-8A36-3491A799BE65}"
EndProject
Project("{FAE04EC0-301F-11D3-BF4B-00C04F79EFBC}") = "Ordering.Infrastructure", "Services\Ordering\Ordering.Infrastructure\Ordering.Infrastructure.csproj", "{8C411F6D-2204-4B14-B1D1-01E2971E1121}"
EndProject
Project("{2150E333-8FDC-42A3-9474-1A3956D46DE8}") = "BuildingBlocks", "BuildingBlocks", "{AE0ED9E7-9A01-4CC8-92B0-2CE6029B804A}"
EndProject
Project("{FAE04EC0-301F-11D3-BF4B-00C04F79EFBC}") = "EventBus.Messages", "BuildingBlocks\EventBus.Messages\EventBus.Messages.csproj", "{9FFA4E49-1E61-407A-A6AE-A7641BB1E921}"
EndProject
Global
	GlobalSection(SolutionConfigurationPlatforms) = preSolution
		Debug|Any CPU = Debug|Any CPU
		Release|Any CPU = Release|Any CPU
	EndGlobalSection
	GlobalSection(ProjectConfigurationPlatforms) = postSolution
		{9B0EEF10-E1D2-41CE-8591-994B98460438}.Debug|Any CPU.ActiveCfg = Debug|Any CPU
		{9B0EEF10-E1D2-41CE-8591-994B98460438}.Debug|Any CPU.Build.0 = Debug|Any CPU
		{9B0EEF10-E1D2-41CE-8591-994B98460438}.Release|Any CPU.ActiveCfg = Release|Any CPU
		{9B0EEF10-E1D2-41CE-8591-994B98460438}.Release|Any CPU.Build.0 = Release|Any CPU
		{9DECBB77-94D7-49A0-B928-375DCE7BA61D}.Debug|Any CPU.ActiveCfg = Debug|Any CPU
		{9DECBB77-94D7-49A0-B928-375DCE7BA61D}.Debug|Any CPU.Build.0 = Debug|Any CPU
		{9DECBB77-94D7-49A0-B928-375DCE7BA61D}.Release|Any CPU.ActiveCfg = Release|Any CPU
		{9DECBB77-94D7-49A0-B928-375DCE7BA61D}.Release|Any CPU.Build.0 = Release|Any CPU
		{31125871-F6B5-4116-8695-9C6248385689}.Debug|Any CPU.ActiveCfg = Debug|Any CPU
		{31125871-F6B5-4116-8695-9C6248385689}.Debug|Any CPU.Build.0 = Debug|Any CPU
		{31125871-F6B5-4116-8695-9C6248385689}.Release|Any CPU.ActiveCfg = Release|Any CPU
		{31125871-F6B5-4116-8695-9C6248385689}.Release|Any CPU.Build.0 = Release|Any CPU
		{46CB2DB1-49B0-4D00-88A1-DCE300F0C731}.Debug|Any CPU.ActiveCfg = Debug|Any CPU
		{46CB2DB1-49B0-4D00-88A1-DCE300F0C731}.Debug|Any CPU.Build.0 = Debug|Any CPU
		{46CB2DB1-49B0-4D00-88A1-DCE300F0C731}.Release|Any CPU.ActiveCfg = Release|Any CPU
		{46CB2DB1-49B0-4D00-88A1-DCE300F0C731}.Release|Any CPU.Build.0 = Release|Any CPU
		{AF70FD7F-A7B2-4887-8CCF-943A61333F93}.Debug|Any CPU.ActiveCfg = Debug|Any CPU
		{AF70FD7F-A7B2-4887-8CCF-943A61333F93}.Debug|Any CPU.Build.0 = Debug|Any CPU
		{AF70FD7F-A7B2-4887-8CCF-943A61333F93}.Release|Any CPU.ActiveCfg = Release|Any CPU
		{AF70FD7F-A7B2-4887-8CCF-943A61333F93}.Release|Any CPU.Build.0 = Release|Any CPU
		{EA7EDA61-DBCD-4026-BB96-FA045441C1D3}.Debug|Any CPU.ActiveCfg = Debug|Any CPU
		{EA7EDA61-DBCD-4026-BB96-FA045441C1D3}.Debug|Any CPU.Build.0 = Debug|Any CPU
		{EA7EDA61-DBCD-4026-BB96-FA045441C1D3}.Release|Any CPU.ActiveCfg = Release|Any CPU
		{EA7EDA61-DBCD-4026-BB96-FA045441C1D3}.Release|Any CPU.Build.0 = Release|Any CPU
		{2D9AD404-9DF8-4CF8-B119-43767BE269BC}.Debug|Any CPU.ActiveCfg = Debug|Any CPU
		{2D9AD404-9DF8-4CF8-B119-43767BE269BC}.Debug|Any CPU.Build.0 = Debug|Any CPU
		{2D9AD404-9DF8-4CF8-B119-43767BE269BC}.Release|Any CPU.ActiveCfg = Release|Any CPU
		{2D9AD404-9DF8-4CF8-B119-43767BE269BC}.Release|Any CPU.Build.0 = Release|Any CPU
		{7A48EC9A-34F4-40B5-8A36-3491A799BE65}.Debug|Any CPU.ActiveCfg = Debug|Any CPU
		{7A48EC9A-34F4-40B5-8A36-3491A799BE65}.Debug|Any CPU.Build.0 = Debug|Any CPU
		{7A48EC9A-34F4-40B5-8A36-3491A799BE65}.Release|Any CPU.ActiveCfg = Release|Any CPU
		{7A48EC9A-34F4-40B5-8A36-3491A799BE65}.Release|Any CPU.Build.0 = Release|Any CPU
		{8C411F6D-2204-4B14-B1D1-01E2971E1121}.Debug|Any CPU.ActiveCfg = Debug|Any CPU
		{8C411F6D-2204-4B14-B1D1-01E2971E1121}.Debug|Any CPU.Build.0 = Debug|Any CPU
		{8C411F6D-2204-4B14-B1D1-01E2971E1121}.Release|Any CPU.ActiveCfg = Release|Any CPU
		{8C411F6D-2204-4B14-B1D1-01E2971E1121}.Release|Any CPU.Build.0 = Release|Any CPU
		{9FFA4E49-1E61-407A-A6AE-A7641BB1E921}.Debug|Any CPU.ActiveCfg = Debug|Any CPU
		{9FFA4E49-1E61-407A-A6AE-A7641BB1E921}.Debug|Any CPU.Build.0 = Debug|Any CPU
		{9FFA4E49-1E61-407A-A6AE-A7641BB1E921}.Release|Any CPU.ActiveCfg = Release|Any CPU
		{9FFA4E49-1E61-407A-A6AE-A7641BB1E921}.Release|Any CPU.Build.0 = Release|Any CPU
	EndGlobalSection
	GlobalSection(SolutionProperties) = preSolution
		HideSolutionNode = FALSE
	EndGlobalSection
	GlobalSection(NestedProjects) = preSolution
		{FD55540A-15ED-4746-84A2-4B5C6F01386B} = {C11518BF-6DF4-466F-8291-6F66604AB4EF}
		{9B0EEF10-E1D2-41CE-8591-994B98460438} = {FD55540A-15ED-4746-84A2-4B5C6F01386B}
		{F5CD5723-B543-4486-A4CC-F1B0E49DD66F} = {C11518BF-6DF4-466F-8291-6F66604AB4EF}
		{31125871-F6B5-4116-8695-9C6248385689} = {F5CD5723-B543-4486-A4CC-F1B0E49DD66F}
		{090FDFAB-32C7-427D-BDDB-BF8522B84378} = {C11518BF-6DF4-466F-8291-6F66604AB4EF}
		{46CB2DB1-49B0-4D00-88A1-DCE300F0C731} = {090FDFAB-32C7-427D-BDDB-BF8522B84378}
		{AF70FD7F-A7B2-4887-8CCF-943A61333F93} = {F5CD5723-B543-4486-A4CC-F1B0E49DD66F}
		{F680B10F-AC8B-4FD8-ABBA-210A56E440B9} = {C11518BF-6DF4-466F-8291-6F66604AB4EF}
		{EA7EDA61-DBCD-4026-BB96-FA045441C1D3} = {F680B10F-AC8B-4FD8-ABBA-210A56E440B9}
		{2D9AD404-9DF8-4CF8-B119-43767BE269BC} = {F680B10F-AC8B-4FD8-ABBA-210A56E440B9}
		{7A48EC9A-34F4-40B5-8A36-3491A799BE65} = {F680B10F-AC8B-4FD8-ABBA-210A56E440B9}
		{8C411F6D-2204-4B14-B1D1-01E2971E1121} = {F680B10F-AC8B-4FD8-ABBA-210A56E440B9}
		{9FFA4E49-1E61-407A-A6AE-A7641BB1E921} = {AE0ED9E7-9A01-4CC8-92B0-2CE6029B804A}
	EndGlobalSection
	GlobalSection(ExtensibilityGlobals) = postSolution
		SolutionGuid = {4D170FE6-DEE9-43F8-B007-F90CEEB15C88}
	EndGlobalSection
EndGlobal
