
Microsoft Visual Studio Solution File, Format Version 12.00
# Visual Studio Version 16
VisualStudioVersion = 16.0.31424.327
MinimumVisualStudioVersion = 10.0.40219.1
Project("{2150E333-8FDC-42A3-9474-1A3956D46DE8}") = "Services", "Services", "{C11518BF-6DF4-466F-8291-6F66604AB4EF}"
EndProject
Project("{2150E333-8FDC-42A3-9474-1A3956D46DE8}") = "Catalog", "Catalog", "{FD55540A-15ED-4746-84A2-4B5C6F01386B}"
EndProject
Project("{9A19103F-16F7-4668-BE54-9A1E7A4F7556}") = "Catalog.API", "Services\Catalog\Catalog.API\Catalog.API.csproj", "{9B0EEF10-E1D2-41CE-8591-994B98460438}"
EndProject
Project("{E53339B2-1760-4266-BCC7-CA923CBCF16C}") = "docker-compose", "docker-compose.dcproj", "{9DECBB77-94D7-49A0-B928-375DCE7BA61D}"
EndProject
Global
	GlobalSection(SolutionConfigurationPlatforms) = preSolution
		Debug|Any CPU = Debug|Any CPU
		Release|Any CPU = Release|Any CPU
	EndGlobalSection
	GlobalSection(ProjectConfigurationPlatforms) = postSolution
		{9B0EEF10-E1D2-41CE-8591-994B98460438}.Debug|Any CPU.ActiveCfg = Debug|Any CPU
		{9B0EEF10-E1D2-41CE-8591-994B98460438}.Debug|Any CPU.Build.0 = Debug|Any CPU
		{9B0EEF10-E1D2-41CE-8591-994B98460438}.Release|Any CPU.ActiveCfg = Release|Any CPU
		{9B0EEF10-E1D2-41CE-8591-994B98460438}.Release|Any CPU.Build.0 = Release|Any CPU
		{9DECBB77-94D7-49A0-B928-375DCE7BA61D}.Debug|Any CPU.ActiveCfg = Debug|Any CPU
		{9DECBB77-94D7-49A0-B928-375DCE7BA61D}.Debug|Any CPU.Build.0 = Debug|Any CPU
		{9DECBB77-94D7-49A0-B928-375DCE7BA61D}.Release|Any CPU.ActiveCfg = Release|Any CPU
		{9DECBB77-94D7-49A0-B928-375DCE7BA61D}.Release|Any CPU.Build.0 = Release|Any CPU
	EndGlobalSection
	GlobalSection(SolutionProperties) = preSolution
		HideSolutionNode = FALSE
	EndGlobalSection
	GlobalSection(NestedProjects) = preSolution
		{FD55540A-15ED-4746-84A2-4B5C6F01386B} = {C11518BF-6DF4-466F-8291-6F66604AB4EF}
		{9B0EEF10-E1D2-41CE-8591-994B98460438} = {FD55540A-15ED-4746-84A2-4B5C6F01386B}
	EndGlobalSection
	GlobalSection(ExtensibilityGlobals) = postSolution
		SolutionGuid = {4D170FE6-DEE9-43F8-B007-F90CEEB15C88}
	EndGlobalSection
EndGlobal
